lockfileVersion: '9.0'

settings:
  autoInstallPeers: true
  excludeLinksFromLockfile: false

importers:

  .:
    dependencies:
      pako:
        specifier: ^2.1.0
        version: 2.1.0
    devDependencies:
      '@types/node':
        specifier: ^18.0.0
        version: 18.19.103
      '@types/pako':
        specifier: ^2.0.0
        version: 2.0.3
      '@types/vscode':
        specifier: ^1.70.0
        version: 1.100.0
      typescript:
        specifier: ^5.0.0
        version: 5.8.3

packages:

  '@types/node@18.19.103':
    resolution: {integrity: sha512-hHTHp+sEz6SxFsp+SA+Tqrua3AbmlAw+Y//aEwdHrdZkYVRWdvWD3y5uPZ0flYOkgskaFWqZ/YGFm3FaFQ0pRw==}

  '@types/pako@2.0.3':
    resolution: {integrity: sha512-bq0hMV9opAcrmE0Byyo0fY3Ew4tgOevJmQ9grUhpXQhYfyLJ1Kqg3P33JT5fdbT2AjeAjR51zqqVjAL/HMkx7Q==}

  '@types/vscode@1.100.0':
    resolution: {integrity: sha512-4uNyvzHoraXEeCamR3+fzcBlh7Afs4Ifjs4epINyUX/jvdk0uzLnwiDY35UKDKnkCHP5Nu3dljl2H8lR6s+rQw==}

  pako@2.1.0:
    resolution: {integrity: sha512-w+eufiZ1WuJYgPXbV/PO3NCMEc3xqylkKHzp8bxp1uW4qaSNQUkwmLLEc3kKsfz8lpV1F8Ht3U1Cm+9Srog2ug==}

  typescript@5.8.3:
    resolution: {integrity: sha512-p1diW6TqL9L07nNxvRMM7hMMw4c5XOo/1ibL4aAIGmSAt9slTE1Xgw5KWuof2uTOvCg9BY7ZRi+GaF+7sfgPeQ==}
    engines: {node: '>=14.17'}
    hasBin: true

  undici-types@5.26.5:
    resolution: {integrity: sha512-JlCMO+ehdEIKqlFxk6IfVoAUVmgz7cU7zD/h9XZ0qzeosSHmUJVOzSQvvYSYWXkFXC+IfLKSIffhv0sVZup6pA==}

snapshots:

  '@types/node@18.19.103':
    dependencies:
      undici-types: 5.26.5

  '@types/pako@2.0.3': {}

  '@types/vscode@1.100.0': {}

  pako@2.1.0: {}

  typescript@5.8.3: {}

  undici-types@5.26.5: {}
